
Microsoft Visual Studio Solution File, Format Version 12.00
# Visual Studio 2013
VisualStudioVersion = 12.0.31101.0
MinimumVisualStudioVersion = 10.0.40219.1
Project("{FAE04EC0-301F-11D3-BF4B-00C04F79EFBC}") = "AppointmentBook", "AppointmentBook\AppointmentBook.csproj", "{562683FF-D3D8-4453-93BC-1C1C700B986E}"
EndProject
Global
	GlobalSection(SolutionConfigurationPlatforms) = preSolution
		Debug|Any CPU = Debug|Any CPU
		Release|Any CPU = Release|Any CPU
	EndGlobalSection
	GlobalSection(ProjectConfigurationPlatforms) = postSolution
		{562683FF-D3D8-4453-93BC-1C1C700B986E}.Debug|Any CPU.ActiveCfg = Debug|Any CPU
		{562683FF-D3D8-4453-93BC-1C1C700B986E}.Debug|Any CPU.Build.0 = Debug|Any CPU
		{562683FF-D3D8-4453-93BC-1C1C700B986E}.Release|Any CPU.ActiveCfg = Release|Any CPU
		{562683FF-D3D8-4453-93BC-1C1C700B986E}.Release|Any CPU.Build.0 = Release|Any CPU
	EndGlobalSection
	GlobalSection(SolutionProperties) = preSolution
		HideSolutionNode = FALSE
	EndGlobalSection
EndGlobal
